
Microsoft Visual Studio Solution File, Format Version 12.00
# Visual Studio 15
VisualStudioVersion = 15.0.27004.2005
MinimumVisualStudioVersion = 10.0.40219.1
Project("{FAE04EC0-301F-11D3-BF4B-00C04F79EFBC}") = "Checkout.BlackPanther.CardProcessing", "Checkout.BlackPanther.CardProcessing\Checkout.BlackPanther.CardProcessing.csproj", "{E5C0BD27-F46F-4335-BE45-BBE61B6C5590}"
EndProject
Global
	GlobalSection(SolutionConfigurationPlatforms) = preSolution
		Debug|Any CPU = Debug|Any CPU
		Release|Any CPU = Release|Any CPU
	EndGlobalSection
	GlobalSection(ProjectConfigurationPlatforms) = postSolution
		{E5C0BD27-F46F-4335-BE45-BBE61B6C5590}.Debug|Any CPU.ActiveCfg = Debug|Any CPU
		{E5C0BD27-F46F-4335-BE45-BBE61B6C5590}.Debug|Any CPU.Build.0 = Debug|Any CPU
		{E5C0BD27-F46F-4335-BE45-BBE61B6C5590}.Release|Any CPU.ActiveCfg = Release|Any CPU
		{E5C0BD27-F46F-4335-BE45-BBE61B6C5590}.Release|Any CPU.Build.0 = Release|Any CPU
	EndGlobalSection
	GlobalSection(SolutionProperties) = preSolution
		HideSolutionNode = FALSE
	EndGlobalSection
	GlobalSection(ExtensibilityGlobals) = postSolution
		SolutionGuid = {A77E2BB9-9EB3-434F-81E0-987B366D00F8}
	EndGlobalSection
EndGlobal
